
Microsoft Visual Studio Solution File, Format Version 11.00
# Visual Studio 2010
Project("{8BC9CEB8-8B4A-11D0-8D11-00A0C91BC942}") = "STL_MyQueue", "STL_MyQueue\STL_MyQueue.vcxproj", "{B6DDDAB9-4E8A-4FF6-A82F-83D15A20EDE6}"
EndProject
Global
	GlobalSection(SolutionConfigurationPlatforms) = preSolution
		Debug|Win32 = Debug|Win32
		Release|Win32 = Release|Win32
	EndGlobalSection
	GlobalSection(ProjectConfigurationPlatforms) = postSolution
		{B6DDDAB9-4E8A-4FF6-A82F-83D15A20EDE6}.Debug|Win32.ActiveCfg = Debug|Win32
		{B6DDDAB9-4E8A-4FF6-A82F-83D15A20EDE6}.Debug|Win32.Build.0 = Debug|Win32
		{B6DDDAB9-4E8A-4FF6-A82F-83D15A20EDE6}.Release|Win32.ActiveCfg = Release|Win32
		{B6DDDAB9-4E8A-4FF6-A82F-83D15A20EDE6}.Release|Win32.Build.0 = Release|Win32
	EndGlobalSection
	GlobalSection(SolutionProperties) = preSolution
		HideSolutionNode = FALSE
	EndGlobalSection
EndGlobal
